<?xml version="1.0" encoding="utf-8"?>
<Project ToolsVersion="4.0" xmlns="http://schemas.microsoft.com/developer/msbuild/2003">
  <ItemGroup>
    <Filter Include="Archivos de origen">
      <UniqueIdentifier>{4FC737F1-C7A5-4376-A066-2A32D752A2FF}</UniqueIdentifier>
      <Extensions>cpp;c;cc;cxx;c++;cppm;ixx;def;odl;idl;hpj;bat;asm;asmx</Extensions>
    </Filter>
    <Filter Include="Archivos de encabezado">
      <UniqueIdentifier>{93995380-89BD-4b04-88EB-625FBE52EBFB}</UniqueIdentifier>
      <Extensions>h;hh;hpp;hxx;h++;hm;inl;inc;ipp;xsd</Extensions>
    </Filter>
    <Filter Include="Archivos de recursos">
      <UniqueIdentifier>{67DA6AB6-F800-4c08-8B7A-83BB121AAD01}</UniqueIdentifier>
      <Extensions>rc;ico;cur;bmp;dlg;rc2;rct;bin;rgs;gif;jpg;jpeg;jpe;resx;tiff;tif;png;wav;mfcribbon-ms</Extensions>
    </Filter>
    <Filter Include="Archivos de recursos\Mundos">
      <UniqueIdentifier>{0018513d-9469-47d4-9a37-773488f66841}</UniqueIdentifier>
    </Filter>
    <Filter Include="Archivos de recursos\Sprites">
      <UniqueIdentifier>{0afc7d6a-06fb-43a7-891f-a928a0674223}</UniqueIdentifier>
    </Filter>
  </ItemGroup>
  <ItemGroup>
    <ClCompile Include="MyForm.cpp">
      <Filter>Archivos de origen</Filter>
    </ClCompile>
  </ItemGroup>
  <ItemGroup>
    <ClInclude Include="MyForm.h">
      <Filter>Archivos de encabezado</Filter>
    </ClInclude>
    <ClInclude Include="Entidad.h">
      <Filter>Archivos de encabezado</Filter>
    </ClInclude>
    <ClInclude Include="PersonajePrincipal.h">
      <Filter>Archivos de encabezado</Filter>
    </ClInclude>
    <ClInclude Include="Aliado.h">
      <Filter>Archivos de encabezado</Filter>
    </ClInclude>
    <ClInclude Include="Enemigo.h">
      <Filter>Archivos de encabezado</Filter>
    </ClInclude>
    <ClInclude Include="Recurso.h">
      <Filter>Archivos de encabezado</Filter>
    </ClInclude>
    <ClInclude Include="Mundo.h">
      <Filter>Archivos de encabezado</Filter>
    </ClInclude>
    <ClInclude Include="Juego.h">
      <Filter>Archivos de encabezado</Filter>
    </ClInclude>
  </ItemGroup>
  <ItemGroup>
    <Image Include="pajaro enemigo natural.png">
      <Filter>Archivos de recursos\Sprites</Filter>
    </Image>
    <Image Include="robot aliado1.png">
      <Filter>Archivos de recursos\Sprites</Filter>
    </Image>
    <Image Include="trainer.back1.png">
      <Filter>Archivos de recursos\Sprites</Filter>
    </Image>
    <Image Include="trainer.back2.png">
      <Filter>Archivos de recursos\Sprites</Filter>
    </Image>
    <Image Include="trainer.back3.png">
      <Filter>Archivos de recursos\Sprites</Filter>
    </Image>
    <Image Include="trainer.back4.png">
      <Filter>Archivos de recursos\Sprites</Filter>
    </Image>
    <Image Include="trainer.front1.png">
      <Filter>Archivos de recursos\Sprites</Filter>
    </Image>
    <Image Include="trainer.front2.png">
      <Filter>Archivos de recursos\Sprites</Filter>
    </Image>
    <Image Include="trainer.front3.png">
      <Filter>Archivos de recursos\Sprites</Filter>
    </Image>
    <Image Include="trainer.front4.png">
      <Filter>Archivos de recursos\Sprites</Filter>
    </Image>
    <Image Include="trainer.left1.png">
      <Filter>Archivos de recursos\Sprites</Filter>
    </Image>
    <Image Include="trainer.left2.png">
      <Filter>Archivos de recursos\Sprites</Filter>
    </Image>
    <Image Include="trainer.left3.png">
      <Filter>Archivos de recursos\Sprites</Filter>
    </Image>
    <Image Include="trainer.left4.png">
      <Filter>Archivos de recursos\Sprites</Filter>
    </Image>
    <Image Include="trainer.right1.png">
      <Filter>Archivos de recursos\Sprites</Filter>
    </Image>
    <Image Include="trainer.right2.png">
      <Filter>Archivos de recursos\Sprites</Filter>
    </Image>
    <Image Include="trainer.right3.png">
      <Filter>Archivos de recursos\Sprites</Filter>
    </Image>
    <Image Include="trainer.right4.png">
      <Filter>Archivos de recursos\Sprites</Filter>
    </Image>
    <Image Include="viejo sabio aliado.png">
      <Filter>Archivos de recursos\Sprites</Filter>
    </Image>
    <Image Include="Mundo 1.png">
      <Filter>Archivos de recursos\Mundos</Filter>
    </Image>
    <Image Include="Aliado1.png">
      <Filter>Archivos de recursos\Sprites</Filter>
    </Image>
    <Image Include="Aliado2.png">
      <Filter>Archivos de recursos\Sprites</Filter>
    </Image>
    <Image Include="Aliado3.png">
      <Filter>Archivos de recursos\Sprites</Filter>
    </Image>
    <Image Include="Aliado4.png">
      <Filter>Archivos de recursos\Sprites</Filter>
    </Image>
    <Image Include="RecursoN1.png">
      <Filter>Archivos de recursos\Sprites</Filter>
    </Image>
    <Image Include="RecursoN2.png">
      <Filter>Archivos de recursos\Sprites</Filter>
    </Image>
    <Image Include="RecursoN3.png">
      <Filter>Archivos de recursos\Sprites</Filter>
    </Image>
    <Image Include="RecursoT1.png">
      <Filter>Archivos de recursos\Sprites</Filter>
    </Image>
    <Image Include="RecursoT2.png">
      <Filter>Archivos de recursos\Sprites</Filter>
    </Image>
    <Image Include="RecursoT3.png">
      <Filter>Archivos de recursos\Sprites</Filter>
    </Image>
    <Image Include="golem.izquierda.png">
      <Filter>Archivos de recursos\Sprites</Filter>
    </Image>
    <Image Include="golem2.derecha.png">
      <Filter>Archivos de recursos\Sprites</Filter>
    </Image>
    <Image Include="golem2.izquierda.png">
      <Filter>Archivos de recursos\Sprites</Filter>
    </Image>
    <Image Include="pajaro.izquierda1.png">
      <Filter>Archivos de recursos\Sprites</Filter>
    </Image>
    <Image Include="pajaro.izquierda2.png">
      <Filter>Archivos de recursos\Sprites</Filter>
    </Image>
    <Image Include="pajaro.izquierda3.png">
      <Filter>Archivos de recursos\Sprites</Filter>
    </Image>
    <Image Include="pajaro.izquierda4.png">
      <Filter>Archivos de recursos\Sprites</Filter>
    </Image>
  </ItemGroup>
</Project>